dependencies:
- name: kube-state-metrics
  repository: https://prometheus-community.github.io/helm-charts
  version: 8.4.0
- name: prometheus-windows-exporter
  repository: https://prometheus-community.github.io/helm-charts
  version: 0.9.0
digest: sha256:261b9c437bec19ee5f3cd5a1c121165ca03b54ff170de474a7b0af6b4f3ca855
generated: "2026-08-25T17:21:34.676746+03:00"
